
Microsoft Visual Studio Solution File, Format Version 12.00
# Visual Studio Version 16
VisualStudioVersion = 16.0.31025.194
MinimumVisualStudioVersion = 10.0.40219.1
Project("{9A19103F-16F7-4668-BE54-9A1E7A4F7556}") = "Methods", "Methods\Methods.csproj", "{1188406E-9CF5-47DF-AA8A-DC860C338EEB}"
EndProject
Project("{9A19103F-16F7-4668-BE54-9A1E7A4F7556}") = "Matematik", "Matematik\Matematik.csproj", "{7081C488-C4BE-47B3-806E-53795F73014E}"
EndProject
Project("{FAE04EC0-301F-11D3-BF4B-00C04F79EFBC}") = "DegerveReferansTipler", "DegerveReferansTipler\DegerveReferansTipler.csproj", "{0BA156ED-6BDF-4090-8E48-F0361DA86B6F}"
EndProject
Global
	GlobalSection(SolutionConfigurationPlatforms) = preSolution
		Debug|Any CPU = Debug|Any CPU
		Release|Any CPU = Release|Any CPU
	EndGlobalSection
	GlobalSection(ProjectConfigurationPlatforms) = postSolution
		{1188406E-9CF5-47DF-AA8A-DC860C338EEB}.Debug|Any CPU.ActiveCfg = Debug|Any CPU
		{1188406E-9CF5-47DF-AA8A-DC860C338EEB}.Debug|Any CPU.Build.0 = Debug|Any CPU
		{1188406E-9CF5-47DF-AA8A-DC860C338EEB}.Release|Any CPU.ActiveCfg = Release|Any CPU
		{1188406E-9CF5-47DF-AA8A-DC860C338EEB}.Release|Any CPU.Build.0 = Release|Any CPU
		{7081C488-C4BE-47B3-806E-53795F73014E}.Debug|Any CPU.ActiveCfg = Debug|Any CPU
		{7081C488-C4BE-47B3-806E-53795F73014E}.Debug|Any CPU.Build.0 = Debug|Any CPU
		{7081C488-C4BE-47B3-806E-53795F73014E}.Release|Any CPU.ActiveCfg = Release|Any CPU
		{7081C488-C4BE-47B3-806E-53795F73014E}.Release|Any CPU.Build.0 = Release|Any CPU
		{0BA156ED-6BDF-4090-8E48-F0361DA86B6F}.Debug|Any CPU.ActiveCfg = Debug|Any CPU
		{0BA156ED-6BDF-4090-8E48-F0361DA86B6F}.Debug|Any CPU.Build.0 = Debug|Any CPU
		{0BA156ED-6BDF-4090-8E48-F0361DA86B6F}.Release|Any CPU.ActiveCfg = Release|Any CPU
		{0BA156ED-6BDF-4090-8E48-F0361DA86B6F}.Release|Any CPU.Build.0 = Release|Any CPU
	EndGlobalSection
	GlobalSection(SolutionProperties) = preSolution
		HideSolutionNode = FALSE
	EndGlobalSection
	GlobalSection(ExtensibilityGlobals) = postSolution
		SolutionGuid = {8B9AFB2D-149F-49F7-8B40-341B6AE92F69}
	EndGlobalSection
EndGlobal
